// !$*UTF8*$!
{
	archiveVersion = 1;
	classes = {
	};
	objectVersion = 50;
	objects = {

/* Begin PBXBuildFile section */
		CA46CBCD241AFCC200EA7EBB /* BlockSource.m in Sources */ = {isa = PBXBuildFile; fileRef = CA46CBCC241AFCC200EA7EBB /* BlockSource.m */; };
		CA46CBD5241BB3D200EA7EBB /* BlockTransmit.m in Sources */ = {isa = PBXBuildFile; fileRef = CA46CBD4241BB3D200EA7EBB /* BlockTransmit.m */; };
		CA46CBDC241BC07B00EA7EBB /* BlockTransmitViewController.m in Sources */ = {isa = PBXBuildFile; fileRef = CA46CBDB241BC07B00EA7EBB /* BlockTransmitViewController.m */; };
		CA46CBDF241BC3DE00EA7EBB /* BaseTableViewController.m in Sources */ = {isa = PBXBuildFile; fileRef = CA46CBDE241BC3DE00EA7EBB /* BaseTableViewController.m */; };
		CA46CBE2241BC9B800EA7EBB /* Block__blockViewController.m in Sources */ = {isa = PBXBuildFile; fileRef = CA46CBE1241BC9B800EA7EBB /* Block__blockViewController.m */; };
		CA46CBE6241C6A3A00EA7EBB /* Block_TypeViewController.m in Sources */ = {isa = PBXBuildFile; fileRef = CA46CBE5241C6A3A00EA7EBB /* Block_TypeViewController.m */; };
		CA46CBE9241C6A9300EA7EBB /* BlockType.m in Sources */ = {isa = PBXBuildFile; fileRef = CA46CBE8241C6A9300EA7EBB /* BlockType.m */; };
		CA46CBEC241CAE2900EA7EBB /* BlockCycleRetainViewController.m in Sources */ = {isa = PBXBuildFile; fileRef = CA46CBEB241CAE2900EA7EBB /* BlockCycleRetainViewController.m */; };
		CA55A818241AF47C00FC581C /* AppDelegate.m in Sources */ = {isa = PBXBuildFile; fileRef = CA55A817241AF47C00FC581C /* AppDelegate.m */; };
		CA55A81E241AF47C00FC581C /* ViewController.m in Sources */ = {isa = PBXBuildFile; fileRef = CA55A81D241AF47C00FC581C /* ViewController.m */; };
		CA55A823241AF47D00FC581C /* Assets.xcassets in Resources */ = {isa = PBXBuildFile; fileRef = CA55A822241AF47D00FC581C /* Assets.xcassets */; };
		CA55A826241AF47D00FC581C /* LaunchScreen.storyboard in Resources */ = {isa = PBXBuildFile; fileRef = CA55A824241AF47D00FC581C /* LaunchScreen.storyboard */; };
		CA55A829241AF47D00FC581C /* main.m in Sources */ = {isa = PBXBuildFile; fileRef = CA55A828241AF47D00FC581C /* main.m */; };
		CA55A833241AF47D00FC581C /* CCTutorialTests.m in Sources */ = {isa = PBXBuildFile; fileRef = CA55A832241AF47D00FC581C /* CCTutorialTests.m */; };
		CA55A83E241AF47D00FC581C /* CCTutorialUITests.m in Sources */ = {isa = PBXBuildFile; fileRef = CA55A83D241AF47D00FC581C /* CCTutorialUITests.m */; };
		CA55A850241AF55800FC581C /* HomeDataSource.m in Sources */ = {isa = PBXBuildFile; fileRef = CA55A84C241AF55800FC581C /* HomeDataSource.m */; };
		CA55A851241AF55800FC581C /* HomeViewController.m in Sources */ = {isa = PBXBuildFile; fileRef = CA55A84D241AF55800FC581C /* HomeViewController.m */; };
/* End PBXBuildFile section */

/* Begin PBXContainerItemProxy section */
		CA55A82F241AF47D00FC581C /* PBXContainerItemProxy */ = {
			isa = PBXContainerItemProxy;
			containerPortal = CA55A80B241AF47C00FC581C /* Project object */;
			proxyType = 1;
			remoteGlobalIDString = CA55A812241AF47C00FC581C;
			remoteInfo = CCTutorial;
		};
		CA55A83A241AF47D00FC581C /* PBXContainerItemProxy */ = {
			isa = PBXContainerItemProxy;
			containerPortal = CA55A80B241AF47C00FC581C /* Project object */;
			proxyType = 1;
			remoteGlobalIDString = CA55A812241AF47C00FC581C;
			remoteInfo = CCTutorial;
		};
/* End PBXContainerItemProxy section */

/* Begin PBXFileReference section */
		CA46CBCB241AFCC200EA7EBB /* BlockSource.h */ = {isa = PBXFileReference; lastKnownFileType = sourcecode.c.h; path = BlockSource.h; sourceTree = "<group>"; };
		CA46CBCC241AFCC200EA7EBB /* BlockSource.m */ = {isa = PBXFileReference; lastKnownFileType = sourcecode.c.objc; path = BlockSource.m; sourceTree = "<group>"; };
		CA46CBD3241BB3D200EA7EBB /* BlockTransmit.h */ = {isa = PBXFileReference; lastKnownFileType = sourcecode.c.h; path = BlockTransmit.h; sourceTree = "<group>"; };
		CA46CBD4241BB3D200EA7EBB /* BlockTransmit.m */ = {isa = PBXFileReference; lastKnownFileType = sourcecode.c.objc; path = BlockTransmit.m; sourceTree = "<group>"; };
		CA46CBD6241BBB8100EA7EBB /* Block__block.h */ = {isa = PBXFileReference; lastKnownFileType = sourcecode.c.h; path = Block__block.h; sourceTree = "<group>"; };
		CA46CBD7241BBB8100EA7EBB /* Block__block.m */ = {isa = PBXFileReference; lastKnownFileType = sourcecode.c.objc; path = Block__block.m; sourceTree = "<group>"; };
		CA46CBDA241BC07B00EA7EBB /* BlockTransmitViewController.h */ = {isa = PBXFileReference; lastKnownFileType = sourcecode.c.h; path = BlockTransmitViewController.h; sourceTree = "<group>"; };
		CA46CBDB241BC07B00EA7EBB /* BlockTransmitViewController.m */ = {isa = PBXFileReference; lastKnownFileType = sourcecode.c.objc; path = BlockTransmitViewController.m; sourceTree = "<group>"; };
		CA46CBDD241BC3DE00EA7EBB /* BaseTableViewController.h */ = {isa = PBXFileReference; lastKnownFileType = sourcecode.c.h; path = BaseTableViewController.h; sourceTree = "<group>"; };
		CA46CBDE241BC3DE00EA7EBB /* BaseTableViewController.m */ = {isa = PBXFileReference; lastKnownFileType = sourcecode.c.objc; path = BaseTableViewController.m; sourceTree = "<group>"; };
		CA46CBE0241BC9B800EA7EBB /* Block__blockViewController.h */ = {isa = PBXFileReference; lastKnownFileType = sourcecode.c.h; path = Block__blockViewController.h; sourceTree = "<group>"; };
		CA46CBE1241BC9B800EA7EBB /* Block__blockViewController.m */ = {isa = PBXFileReference; lastKnownFileType = sourcecode.c.objc; path = Block__blockViewController.m; sourceTree = "<group>"; };
		CA46CBE4241C6A3A00EA7EBB /* Block_TypeViewController.h */ = {isa = PBXFileReference; lastKnownFileType = sourcecode.c.h; path = Block_TypeViewController.h; sourceTree = "<group>"; };
		CA46CBE5241C6A3A00EA7EBB /* Block_TypeViewController.m */ = {isa = PBXFileReference; lastKnownFileType = sourcecode.c.objc; path = Block_TypeViewController.m; sourceTree = "<group>"; };
		CA46CBE7241C6A9300EA7EBB /* BlockType.h */ = {isa = PBXFileReference; lastKnownFileType = sourcecode.c.h; path = BlockType.h; sourceTree = "<group>"; };
		CA46CBE8241C6A9300EA7EBB /* BlockType.m */ = {isa = PBXFileReference; lastKnownFileType = sourcecode.c.objc; path = BlockType.m; sourceTree = "<group>"; wrapsLines = 0; };
		CA46CBEA241CAE2900EA7EBB /* BlockCycleRetainViewController.h */ = {isa = PBXFileReference; lastKnownFileType = sourcecode.c.h; path = BlockCycleRetainViewController.h; sourceTree = "<group>"; };
		CA46CBEB241CAE2900EA7EBB /* BlockCycleRetainViewController.m */ = {isa = PBXFileReference; lastKnownFileType = sourcecode.c.objc; path = BlockCycleRetainViewController.m; sourceTree = "<group>"; };
		CA55A813241AF47C00FC581C /* CCTutorial.app */ = {isa = PBXFileReference; explicitFileType = wrapper.application; includeInIndex = 0; path = CCTutorial.app; sourceTree = BUILT_PRODUCTS_DIR; };
		CA55A816241AF47C00FC581C /* AppDelegate.h */ = {isa = PBXFileReference; lastKnownFileType = sourcecode.c.h; path = AppDelegate.h; sourceTree = "<group>"; };
		CA55A817241AF47C00FC581C /* AppDelegate.m */ = {isa = PBXFileReference; lastKnownFileType = sourcecode.c.objc; path = AppDelegate.m; sourceTree = "<group>"; };
		CA55A81C241AF47C00FC581C /* ViewController.h */ = {isa = PBXFileReference; lastKnownFileType = sourcecode.c.h; path = ViewController.h; sourceTree = "<group>"; };
		CA55A81D241AF47C00FC581C /* ViewController.m */ = {isa = PBXFileReference; lastKnownFileType = sourcecode.c.objc; path = ViewController.m; sourceTree = "<group>"; };
		CA55A822241AF47D00FC581C /* Assets.xcassets */ = {isa = PBXFileReference; lastKnownFileType = folder.assetcatalog; path = Assets.xcassets; sourceTree = "<group>"; };
		CA55A825241AF47D00FC581C /* Base */ = {isa = PBXFileReference; lastKnownFileType = file.storyboard; name = Base; path = Base.lproj/LaunchScreen.storyboard; sourceTree = "<group>"; };
		CA55A827241AF47D00FC581C /* Info.plist */ = {isa = PBXFileReference; lastKnownFileType = text.plist.xml; path = Info.plist; sourceTree = "<group>"; };
		CA55A828241AF47D00FC581C /* main.m */ = {isa = PBXFileReference; lastKnownFileType = sourcecode.c.objc; path = main.m; sourceTree = "<group>"; };
		CA55A82E241AF47D00FC581C /* CCTutorialTests.xctest */ = {isa = PBXFileReference; explicitFileType = wrapper.cfbundle; includeInIndex = 0; path = CCTutorialTests.xctest; sourceTree = BUILT_PRODUCTS_DIR; };
		CA55A832241AF47D00FC581C /* CCTutorialTests.m */ = {isa = PBXFileReference; lastKnownFileType = sourcecode.c.objc; path = CCTutorialTests.m; sourceTree = "<group>"; };
		CA55A834241AF47D00FC581C /* Info.plist */ = {isa = PBXFileReference; lastKnownFileType = text.plist.xml; path = Info.plist; sourceTree = "<group>"; };
		CA55A839241AF47D00FC581C /* CCTutorialUITests.xctest */ = {isa = PBXFileReference; explicitFileType = wrapper.cfbundle; includeInIndex = 0; path = CCTutorialUITests.xctest; sourceTree = BUILT_PRODUCTS_DIR; };
		CA55A83D241AF47D00FC581C /* CCTutorialUITests.m */ = {isa = PBXFileReference; lastKnownFileType = sourcecode.c.objc; path = CCTutorialUITests.m; sourceTree = "<group>"; };
		CA55A83F241AF47D00FC581C /* Info.plist */ = {isa = PBXFileReference; lastKnownFileType = text.plist.xml; path = Info.plist; sourceTree = "<group>"; };
		CA55A84C241AF55800FC581C /* HomeDataSource.m */ = {isa = PBXFileReference; fileEncoding = 4; lastKnownFileType = sourcecode.c.objc; path = HomeDataSource.m; sourceTree = "<group>"; };
		CA55A84D241AF55800FC581C /* HomeViewController.m */ = {isa = PBXFileReference; fileEncoding = 4; lastKnownFileType = sourcecode.c.objc; path = HomeViewController.m; sourceTree = "<group>"; };
		CA55A84E241AF55800FC581C /* HomeDataSource.h */ = {isa = PBXFileReference; fileEncoding = 4; lastKnownFileType = sourcecode.c.h; path = HomeDataSource.h; sourceTree = "<group>"; };
		CA55A84F241AF55800FC581C /* HomeViewController.h */ = {isa = PBXFileReference; fileEncoding = 4; lastKnownFileType = sourcecode.c.h; path = HomeViewController.h; sourceTree = "<group>"; };
/* End PBXFileReference section */

/* Begin PBXFrameworksBuildPhase section */
		CA55A810241AF47C00FC581C /* Frameworks */ = {
			isa = PBXFrameworksBuildPhase;
			buildActionMask = 2147483647;
			files = (
			);
			runOnlyForDeploymentPostprocessing = 0;
		};
		CA55A82B241AF47D00FC581C /* Frameworks */ = {
			isa = PBXFrameworksBuildPhase;
			buildActionMask = 2147483647;
			files = (
			);
			runOnlyForDeploymentPostprocessing = 0;
		};
		CA55A836241AF47D00FC581C /* Frameworks */ = {
			isa = PBXFrameworksBuildPhase;
			buildActionMask = 2147483647;
			files = (
			);
			runOnlyForDeploymentPostprocessing = 0;
		};
/* End PBXFrameworksBuildPhase section */

/* Begin PBXGroup section */
		CA46CBCA241AFC8700EA7EBB /* block */ = {
			isa = PBXGroup;
			children = (
				CA46CBCB241AFCC200EA7EBB /* BlockSource.h */,
				CA46CBCC241AFCC200EA7EBB /* BlockSource.m */,
				CA46CBD3241BB3D200EA7EBB /* BlockTransmit.h */,
				CA46CBD4241BB3D200EA7EBB /* BlockTransmit.m */,
				CA46CBD6241BBB8100EA7EBB /* Block__block.h */,
				CA46CBD7241BBB8100EA7EBB /* Block__block.m */,
				CA46CBE7241C6A9300EA7EBB /* BlockType.h */,
				CA46CBE8241C6A9300EA7EBB /* BlockType.m */,
				CA46CBDA241BC07B00EA7EBB /* BlockTransmitViewController.h */,
				CA46CBDB241BC07B00EA7EBB /* BlockTransmitViewController.m */,
				CA46CBE0241BC9B800EA7EBB /* Block__blockViewController.h */,
				CA46CBE1241BC9B800EA7EBB /* Block__blockViewController.m */,
				CA46CBE4241C6A3A00EA7EBB /* Block_TypeViewController.h */,
				CA46CBE5241C6A3A00EA7EBB /* Block_TypeViewController.m */,
				CA46CBEA241CAE2900EA7EBB /* BlockCycleRetainViewController.h */,
				CA46CBEB241CAE2900EA7EBB /* BlockCycleRetainViewController.m */,
			);
			path = block;
			sourceTree = "<group>";
		};
		CA55A80A241AF47C00FC581C = {
			isa = PBXGroup;
			children = (
				CA55A815241AF47C00FC581C /* CCTutorial */,
				CA55A831241AF47D00FC581C /* CCTutorialTests */,
				CA55A83C241AF47D00FC581C /* CCTutorialUITests */,
				CA55A814241AF47C00FC581C /* Products */,
			);
			sourceTree = "<group>";
		};
		CA55A814241AF47C00FC581C /* Products */ = {
			isa = PBXGroup;
			children = (
				CA55A813241AF47C00FC581C /* CCTutorial.app */,
				CA55A82E241AF47D00FC581C /* CCTutorialTests.xctest */,
				CA55A839241AF47D00FC581C /* CCTutorialUITests.xctest */,
			);
			name = Products;
			sourceTree = "<group>";
		};
		CA55A815241AF47C00FC581C /* CCTutorial */ = {
			isa = PBXGroup;
			children = (
				CA46CBCA241AFC8700EA7EBB /* block */,
				CA55A84B241AF55800FC581C /* home */,
				CA55A816241AF47C00FC581C /* AppDelegate.h */,
				CA55A817241AF47C00FC581C /* AppDelegate.m */,
				CA55A81C241AF47C00FC581C /* ViewController.h */,
				CA55A81D241AF47C00FC581C /* ViewController.m */,
				CA55A822241AF47D00FC581C /* Assets.xcassets */,
				CA55A824241AF47D00FC581C /* LaunchScreen.storyboard */,
				CA55A827241AF47D00FC581C /* Info.plist */,
				CA55A828241AF47D00FC581C /* main.m */,
				CA46CBDD241BC3DE00EA7EBB /* BaseTableViewController.h */,
				CA46CBDE241BC3DE00EA7EBB /* BaseTableViewController.m */,
			);
			path = CCTutorial;
			sourceTree = "<group>";
		};
		CA55A831241AF47D00FC581C /* CCTutorialTests */ = {
			isa = PBXGroup;
			children = (
				CA55A832241AF47D00FC581C /* CCTutorialTests.m */,
				CA55A834241AF47D00FC581C /* Info.plist */,
			);
			path = CCTutorialTests;
			sourceTree = "<group>";
		};
		CA55A83C241AF47D00FC581C /* CCTutorialUITests */ = {
			isa = PBXGroup;
			children = (
				CA55A83D241AF47D00FC581C /* CCTutorialUITests.m */,
				CA55A83F241AF47D00FC581C /* Info.plist */,
			);
			path = CCTutorialUITests;
			sourceTree = "<group>";
		};
		CA55A84B241AF55800FC581C /* home */ = {
			isa = PBXGroup;
			children = (
				CA55A84E241AF55800FC581C /* HomeDataSource.h */,
				CA55A84C241AF55800FC581C /* HomeDataSource.m */,
				CA55A84F241AF55800FC581C /* HomeViewController.h */,
				CA55A84D241AF55800FC581C /* HomeViewController.m */,
			);
			path = home;
			sourceTree = "<group>";
		};
/* End PBXGroup section */

/* Begin PBXNativeTarget section */
		CA55A812241AF47C00FC581C /* CCTutorial */ = {
			isa = PBXNativeTarget;
			buildConfigurationList = CA55A842241AF47D00FC581C /* Build configuration list for PBXNativeTarget "CCTutorial" */;
			buildPhases = (
				CA55A80F241AF47C00FC581C /* Sources */,
				CA55A810241AF47C00FC581C /* Frameworks */,
				CA55A811241AF47C00FC581C /* Resources */,
			);
			buildRules = (
			);
			dependencies = (
			);
			name = CCTutorial;
			productName = CCTutorial;
			productReference = CA55A813241AF47C00FC581C /* CCTutorial.app */;
			productType = "com.apple.product-type.application";
		};
		CA55A82D241AF47D00FC581C /* CCTutorialTests */ = {
			isa = PBXNativeTarget;
			buildConfigurationList = CA55A845241AF47D00FC581C /* Build configuration list for PBXNativeTarget "CCTutorialTests" */;
			buildPhases = (
				CA55A82A241AF47D00FC581C /* Sources */,
				CA55A82B241AF47D00FC581C /* Frameworks */,
				CA55A82C241AF47D00FC581C /* Resources */,
			);
			buildRules = (
			);
			dependencies = (
				CA55A830241AF47D00FC581C /* PBXTargetDependency */,
			);
			name = CCTutorialTests;
			productName = CCTutorialTests;
			productReference = CA55A82E241AF47D00FC581C /* CCTutorialTests.xctest */;
			productType = "com.apple.product-type.bundle.unit-test";
		};
		CA55A838241AF47D00FC581C /* CCTutorialUITests */ = {
			isa = PBXNativeTarget;
			buildConfigurationList = CA55A848241AF47D00FC581C /* Build configuration list for PBXNativeTarget "CCTutorialUITests" */;
			buildPhases = (
				CA55A835241AF47D00FC581C /* Sources */,
				CA55A836241AF47D00FC581C /* Frameworks */,
				CA55A837241AF47D00FC581C /* Resources */,
			);
			buildRules = (
			);
			dependencies = (
				CA55A83B241AF47D00FC581C /* PBXTargetDependency */,
			);
			name = CCTutorialUITests;
			productName = CCTutorialUITests;
			productReference = CA55A839241AF47D00FC581C /* CCTutorialUITests.xctest */;
			productType = "com.apple.product-type.bundle.ui-testing";
		};
/* End PBXNativeTarget section */

/* Begin PBXProject section */
		CA55A80B241AF47C00FC581C /* Project object */ = {
			isa = PBXProject;
			attributes = {
				LastUpgradeCheck = 1130;
				ORGANIZATIONNAME = kayak;
				TargetAttributes = {
					CA55A812241AF47C00FC581C = {
						CreatedOnToolsVersion = 11.3;
					};
					CA55A82D241AF47D00FC581C = {
						CreatedOnToolsVersion = 11.3;
						TestTargetID = CA55A812241AF47C00FC581C;
					};
					CA55A838241AF47D00FC581C = {
						CreatedOnToolsVersion = 11.3;
						TestTargetID = CA55A812241AF47C00FC581C;
					};
				};
			};
			buildConfigurationList = CA55A80E241AF47C00FC581C /* Build configuration list for PBXProject "CCTutorial" */;
			compatibilityVersion = "Xcode 9.3";
			developmentRegion = en;
			hasScannedForEncodings = 0;
			knownRegions = (
				en,
				Base,
			);
			mainGroup = CA55A80A241AF47C00FC581C;
			productRefGroup = CA55A814241AF47C00FC581C /* Products */;
			projectDirPath = "";
			projectRoot = "";
			targets = (
				CA55A812241AF47C00FC581C /* CCTutorial */,
				CA55A82D241AF47D00FC581C /* CCTutorialTests */,
				CA55A838241AF47D00FC581C /* CCTutorialUITests */,
			);
		};
/* End PBXProject section */

/* Begin PBXResourcesBuildPhase section */
		CA55A811241AF47C00FC581C /* Resources */ = {
			isa = PBXResourcesBuildPhase;
			buildActionMask = 2147483647;
			files = (
				CA55A826241AF47D00FC581C /* LaunchScreen.storyboard in Resources */,
				CA55A823241AF47D00FC581C /* Assets.xcassets in Resources */,
			);
			runOnlyForDeploymentPostprocessing = 0;
		};
		CA55A82C241AF47D00FC581C /* Resources */ = {
			isa = PBXResourcesBuildPhase;
			buildActionMask = 2147483647;
			files = (
			);
			runOnlyForDeploymentPostprocessing = 0;
		};
		CA55A837241AF47D00FC581C /* Resources */ = {
			isa = PBXResourcesBuildPhase;
			buildActionMask = 2147483647;
			files = (
			);
			runOnlyForDeploymentPostprocessing = 0;
		};
/* End PBXResourcesBuildPhase section */

/* Begin PBXSourcesBuildPhase section */
		CA55A80F241AF47C00FC581C /* Sources */ = {
			isa = PBXSourcesBuildPhase;
			buildActionMask = 2147483647;
			files = (
				CA55A81E241AF47C00FC581C /* ViewController.m in Sources */,
				CA46CBD5241BB3D200EA7EBB /* BlockTransmit.m in Sources */,
				CA55A850241AF55800FC581C /* HomeDataSource.m in Sources */,
				CA46CBE9241C6A9300EA7EBB /* BlockType.m in Sources */,
				CA46CBDC241BC07B00EA7EBB /* BlockTransmitViewController.m in Sources */,
				CA46CBDF241BC3DE00EA7EBB /* BaseTableViewController.m in Sources */,
				CA55A818241AF47C00FC581C /* AppDelegate.m in Sources */,
				CA55A829241AF47D00FC581C /* main.m in Sources */,
				CA46CBE2241BC9B800EA7EBB /* Block__blockViewController.m in Sources */,
				CA46CBCD241AFCC200EA7EBB /* BlockSource.m in Sources */,
				CA55A851241AF55800FC581C /* HomeViewController.m in Sources */,
				CA46CBEC241CAE2900EA7EBB /* BlockCycleRetainViewController.m in Sources */,
				CA46CBE6241C6A3A00EA7EBB /* Block_TypeViewController.m in Sources */,
			);
			runOnlyForDeploymentPostprocessing = 0;
		};
		CA55A82A241AF47D00FC581C /* Sources */ = {
			isa = PBXSourcesBuildPhase;
			buildActionMask = 2147483647;
			files = (
				CA55A833241AF47D00FC581C /* CCTutorialTests.m in Sources */,
			);
			runOnlyForDeploymentPostprocessing = 0;
		};
		CA55A835241AF47D00FC581C /* Sources */ = {
			isa = PBXSourcesBuildPhase;
			buildActionMask = 2147483647;
			files = (
				CA55A83E241AF47D00FC581C /* CCTutorialUITests.m in Sources */,
			);
			runOnlyForDeploymentPostprocessing = 0;
		};
/* End PBXSourcesBuildPhase section */

/* Begin PBXTargetDependency section */
		CA55A830241AF47D00FC581C /* PBXTargetDependency */ = {
			isa = PBXTargetDependency;
			target = CA55A812241AF47C00FC581C /* CCTutorial */;
			targetProxy = CA55A82F241AF47D00FC581C /* PBXContainerItemProxy */;
		};
		CA55A83B241AF47D00FC581C /* PBXTargetDependency */ = {
			isa = PBXTargetDependency;
			target = CA55A812241AF47C00FC581C /* CCTutorial */;
			targetProxy = CA55A83A241AF47D00FC581C /* PBXContainerItemProxy */;
		};
/* End PBXTargetDependency section */

/* Begin PBXVariantGroup section */
		CA55A824241AF47D00FC581C /* LaunchScreen.storyboard */ = {
			isa = PBXVariantGroup;
			children = (
				CA55A825241AF47D00FC581C /* Base */,
			);
			name = LaunchScreen.storyboard;
			sourceTree = "<group>";
		};
/* End PBXVariantGroup section */

/* Begin XCBuildConfiguration section */
		CA55A840241AF47D00FC581C /* Debug */ = {
			isa = XCBuildConfiguration;
			buildSettings = {
				ALWAYS_SEARCH_USER_PATHS = NO;
				CLANG_ANALYZER_NONNULL = YES;
				CLANG_ANALYZER_NUMBER_OBJECT_CONVERSION = YES_AGGRESSIVE;
				CLANG_CXX_LANGUAGE_STANDARD = "gnu++14";
				CLANG_CXX_LIBRARY = "libc++";
				CLANG_ENABLE_MODULES = YES;
				CLANG_ENABLE_OBJC_ARC = YES;
				CLANG_ENABLE_OBJC_WEAK = YES;
				CLANG_WARN_BLOCK_CAPTURE_AUTORELEASING = YES;
				CLANG_WARN_BOOL_CONVERSION = YES;
				CLANG_WARN_COMMA = YES;
				CLANG_WARN_CONSTANT_CONVERSION = YES;
				CLANG_WARN_DEPRECATED_OBJC_IMPLEMENTATIONS = YES;
				CLANG_WARN_DIRECT_OBJC_ISA_USAGE = YES_ERROR;
				CLANG_WARN_DOCUMENTATION_COMMENTS = YES;
				CLANG_WARN_EMPTY_BODY = YES;
				CLANG_WARN_ENUM_CONVERSION = YES;
				CLANG_WARN_INFINITE_RECURSION = YES;
				CLANG_WARN_INT_CONVERSION = YES;
				CLANG_WARN_NON_LITERAL_NULL_CONVERSION = YES;
				CLANG_WARN_OBJC_IMPLICIT_RETAIN_SELF = YES;
				CLANG_WARN_OBJC_LITERAL_CONVERSION = YES;
				CLANG_WARN_OBJC_ROOT_CLASS = YES_ERROR;
				CLANG_WARN_RANGE_LOOP_ANALYSIS = YES;
				CLANG_WARN_STRICT_PROTOTYPES = YES;
				CLANG_WARN_SUSPICIOUS_MOVE = YES;
				CLANG_WARN_UNGUARDED_AVAILABILITY = YES_AGGRESSIVE;
				CLANG_WARN_UNREACHABLE_CODE = YES;
				CLANG_WARN__DUPLICATE_METHOD_MATCH = YES;
				COPY_PHASE_STRIP = NO;
				DEBUG_INFORMATION_FORMAT = dwarf;
				ENABLE_STRICT_OBJC_MSGSEND = YES;
				ENABLE_TESTABILITY = YES;
				GCC_C_LANGUAGE_STANDARD = gnu11;
				GCC_DYNAMIC_NO_PIC = NO;
				GCC_NO_COMMON_BLOCKS = YES;
				GCC_OPTIMIZATION_LEVEL = 0;
				GCC_PREPROCESSOR_DEFINITIONS = (
					"DEBUG=1",
					"$(inherited)",
				);
				GCC_WARN_64_TO_32_BIT_CONVERSION = YES;
				GCC_WARN_ABOUT_RETURN_TYPE = YES_ERROR;
				GCC_WARN_UNDECLARED_SELECTOR = YES;
				GCC_WARN_UNINITIALIZED_AUTOS = YES_AGGRESSIVE;
				GCC_WARN_UNUSED_FUNCTION = YES;
				GCC_WARN_UNUSED_VARIABLE = YES;
				IPHONEOS_DEPLOYMENT_TARGET = 13.2;
				MTL_ENABLE_DEBUG_INFO = INCLUDE_SOURCE;
				MTL_FAST_MATH = YES;
				ONLY_ACTIVE_ARCH = YES;
				SDKROOT = iphoneos;
			};
			name = Debug;
		};
		CA55A841241AF47D00FC581C /* Release */ = {
			isa = XCBuildConfiguration;
			buildSettings = {
				ALWAYS_SEARCH_USER_PATHS = NO;
				CLANG_ANALYZER_NONNULL = YES;
				CLANG_ANALYZER_NUMBER_OBJECT_CONVERSION = YES_AGGRESSIVE;
				CLANG_CXX_LANGUAGE_STANDARD = "gnu++14";
				CLANG_CXX_LIBRARY = "libc++";
				CLANG_ENABLE_MODULES = YES;
				CLANG_ENABLE_OBJC_ARC = YES;
				CLANG_ENABLE_OBJC_WEAK = YES;
				CLANG_WARN_BLOCK_CAPTURE_AUTORELEASING = YES;
				CLANG_WARN_BOOL_CONVERSION = YES;
				CLANG_WARN_COMMA = YES;
				CLANG_WARN_CONSTANT_CONVERSION = YES;
				CLANG_WARN_DEPRECATED_OBJC_IMPLEMENTATIONS = YES;
				CLANG_WARN_DIRECT_OBJC_ISA_USAGE = YES_ERROR;
				CLANG_WARN_DOCUMENTATION_COMMENTS = YES;
				CLANG_WARN_EMPTY_BODY = YES;
				CLANG_WARN_ENUM_CONVERSION = YES;
				CLANG_WARN_INFINITE_RECURSION = YES;
				CLANG_WARN_INT_CONVERSION = YES;
				CLANG_WARN_NON_LITERAL_NULL_CONVERSION = YES;
				CLANG_WARN_OBJC_IMPLICIT_RETAIN_SELF = YES;
				CLANG_WARN_OBJC_LITERAL_CONVERSION = YES;
				CLANG_WARN_OBJC_ROOT_CLASS = YES_ERROR;
				CLANG_WARN_RANGE_LOOP_ANALYSIS = YES;
				CLANG_WARN_STRICT_PROTOTYPES = YES;
				CLANG_WARN_SUSPICIOUS_MOVE = YES;
				CLANG_WARN_UNGUARDED_AVAILABILITY = YES_AGGRESSIVE;
				CLANG_WARN_UNREACHABLE_CODE = YES;
				CLANG_WARN__DUPLICATE_METHOD_MATCH = YES;
				COPY_PHASE_STRIP = NO;
				DEBUG_INFORMATION_FORMAT = "dwarf-with-dsym";
				ENABLE_NS_ASSERTIONS = NO;
				ENABLE_STRICT_OBJC_MSGSEND = YES;
				GCC_C_LANGUAGE_STANDARD = gnu11;
				GCC_NO_COMMON_BLOCKS = YES;
				GCC_WARN_64_TO_32_BIT_CONVERSION = YES;
				GCC_WARN_ABOUT_RETURN_TYPE = YES_ERROR;
				GCC_WARN_UNDECLARED_SELECTOR = YES;
				GCC_WARN_UNINITIALIZED_AUTOS = YES_AGGRESSIVE;
				GCC_WARN_UNUSED_FUNCTION = YES;
				GCC_WARN_UNUSED_VARIABLE = YES;
				IPHONEOS_DEPLOYMENT_TARGET = 13.2;
				MTL_ENABLE_DEBUG_INFO = NO;
				MTL_FAST_MATH = YES;
				SDKROOT = iphoneos;
				VALIDATE_PRODUCT = YES;
			};
			name = Release;
		};
		CA55A843241AF47D00FC581C /* Debug */ = {
			isa = XCBuildConfiguration;
			buildSettings = {
				ASSETCATALOG_COMPILER_APPICON_NAME = AppIcon;
				CODE_SIGN_STYLE = Automatic;
				DEVELOPMENT_TEAM = 75F4CNH48F;
				INFOPLIST_FILE = CCTutorial/Info.plist;
				IPHONEOS_DEPLOYMENT_TARGET = 9.0;
				LD_RUNPATH_SEARCH_PATHS = (
					"$(inherited)",
					"@executable_path/Frameworks",
				);
				PRODUCT_BUNDLE_IDENTIFIER = com.cc.CCTutorial;
				PRODUCT_NAME = "$(TARGET_NAME)";
				TARGETED_DEVICE_FAMILY = "1,2";
			};
			name = Debug;
		};
		CA55A844241AF47D00FC581C /* Release */ = {
			isa = XCBuildConfiguration;
			buildSettings = {
				ASSETCATALOG_COMPILER_APPICON_NAME = AppIcon;
				CODE_SIGN_STYLE = Automatic;
				DEVELOPMENT_TEAM = 75F4CNH48F;
				INFOPLIST_FILE = CCTutorial/Info.plist;
				IPHONEOS_DEPLOYMENT_TARGET = 9.0;
				LD_RUNPATH_SEARCH_PATHS = (
					"$(inherited)",
					"@executable_path/Frameworks",
				);
				PRODUCT_BUNDLE_IDENTIFIER = com.cc.CCTutorial;
				PRODUCT_NAME = "$(TARGET_NAME)";
				TARGETED_DEVICE_FAMILY = "1,2";
			};
			name = Release;
		};
		CA55A846241AF47D00FC581C /* Debug */ = {
			isa = XCBuildConfiguration;
			buildSettings = {
				BUNDLE_LOADER = "$(TEST_HOST)";
				CODE_SIGN_STYLE = Automatic;
				DEVELOPMENT_TEAM = 75F4CNH48F;
				INFOPLIST_FILE = CCTutorialTests/Info.plist;
				IPHONEOS_DEPLOYMENT_TARGET = 13.2;
				LD_RUNPATH_SEARCH_PATHS = (
					"$(inherited)",
					"@executable_path/Frameworks",
					"@loader_path/Frameworks",
				);
				PRODUCT_BUNDLE_IDENTIFIER = com.cc.CCTutorialTests;
				PRODUCT_NAME = "$(TARGET_NAME)";
				TARGETED_DEVICE_FAMILY = "1,2";
				TEST_HOST = "$(BUILT_PRODUCTS_DIR)/CCTutorial.app/CCTutorial";
			};
			name = Debug;
		};
		CA55A847241AF47D00FC581C /* Release */ = {
			isa = XCBuildConfiguration;
			buildSettings = {
				BUNDLE_LOADER = "$(TEST_HOST)";
				CODE_SIGN_STYLE = Automatic;
				DEVELOPMENT_TEAM = 75F4CNH48F;
				INFOPLIST_FILE = CCTutorialTests/Info.plist;
				IPHONEOS_DEPLOYMENT_TARGET = 13.2;
				LD_RUNPATH_SEARCH_PATHS = (
					"$(inherited)",
					"@executable_path/Frameworks",
					"@loader_path/Frameworks",
				);
				PRODUCT_BUNDLE_IDENTIFIER = com.cc.CCTutorialTests;
				PRODUCT_NAME = "$(TARGET_NAME)";
				TARGETED_DEVICE_FAMILY = "1,2";
				TEST_HOST = "$(BUILT_PRODUCTS_DIR)/CCTutorial.app/CCTutorial";
			};
			name = Release;
		};
		CA55A849241AF47D00FC581C /* Debug */ = {
			isa = XCBuildConfiguration;
			buildSettings = {
				CODE_SIGN_STYLE = Automatic;
				DEVELOPMENT_TEAM = 75F4CNH48F;
				INFOPLIST_FILE = CCTutorialUITests/Info.plist;
				LD_RUNPATH_SEARCH_PATHS = (
					"$(inherited)",
					"@executable_path/Frameworks",
					"@loader_path/Frameworks",
				);
				PRODUCT_BUNDLE_IDENTIFIER = com.cc.CCTutorialUITests;
				PRODUCT_NAME = "$(TARGET_NAME)";
				TARGETED_DEVICE_FAMILY = "1,2";
				TEST_TARGET_NAME = CCTutorial;
			};
			name = Debug;
		};
		CA55A84A241AF47D00FC581C /* Release */ = {
			isa = XCBuildConfiguration;
			buildSettings = {
				CODE_SIGN_STYLE = Automatic;
				DEVELOPMENT_TEAM = 75F4CNH48F;
				INFOPLIST_FILE = CCTutorialUITests/Info.plist;
				LD_RUNPATH_SEARCH_PATHS = (
					"$(inherited)",
					"@executable_path/Frameworks",
					"@loader_path/Frameworks",
				);
				PRODUCT_BUNDLE_IDENTIFIER = com.cc.CCTutorialUITests;
				PRODUCT_NAME = "$(TARGET_NAME)";
				TARGETED_DEVICE_FAMILY = "1,2";
				TEST_TARGET_NAME = CCTutorial;
			};
			name = Release;
		};
/* End XCBuildConfiguration section */

/* Begin XCConfigurationList section */
		CA55A80E241AF47C00FC581C /* Build configuration list for PBXProject "CCTutorial" */ = {
			isa = XCConfigurationList;
			buildConfigurations = (
				CA55A840241AF47D00FC581C /* Debug */,
				CA55A841241AF47D00FC581C /* Release */,
			);
			defaultConfigurationIsVisible = 0;
			defaultConfigurationName = Release;
		};
		CA55A842241AF47D00FC581C /* Build configuration list for PBXNativeTarget "CCTutorial" */ = {
			isa = XCConfigurationList;
			buildConfigurations = (
				CA55A843241AF47D00FC581C /* Debug */,
				CA55A844241AF47D00FC581C /* Release */,
			);
			defaultConfigurationIsVisible = 0;
			defaultConfigurationName = Release;
		};
		CA55A845241AF47D00FC581C /* Build configuration list for PBXNativeTarget "CCTutorialTests" */ = {
			isa = XCConfigurationList;
			buildConfigurations = (
				CA55A846241AF47D00FC581C /* Debug */,
				CA55A847241AF47D00FC581C /* Release */,
			);
			defaultConfigurationIsVisible = 0;
			defaultConfigurationName = Release;
		};
		CA55A848241AF47D00FC581C /* Build configuration list for PBXNativeTarget "CCTutorialUITests" */ = {
			isa = XCConfigurationList;
			buildConfigurations = (
				CA55A849241AF47D00FC581C /* Debug */,
				CA55A84A241AF47D00FC581C /* Release */,
			);
			defaultConfigurationIsVisible = 0;
			defaultConfigurationName = Release;
		};
/* End XCConfigurationList section */
	};
	rootObject = CA55A80B241AF47C00FC581C /* Project object */;
}
